
Microsoft Visual Studio Solution File, Format Version 12.00
# Visual Studio 2013
VisualStudioVersion = 12.0.21005.1
MinimumVisualStudioVersion = 10.0.40219.1
Project("{FAE04EC0-301F-11D3-BF4B-00C04F79EFBC}") = "Point3D", "Point3D\Point3D.csproj", "{46CCA0A3-C5C5-48B7-8FE3-466199DB0265}"
EndProject
Project("{FAE04EC0-301F-11D3-BF4B-00C04F79EFBC}") = "DistanceCalculator", "DistanceCalculator\DistanceCalculator.csproj", "{218F5929-E3CF-4829-AD1A-4F78BDF516A3}"
EndProject
Project("{FAE04EC0-301F-11D3-BF4B-00C04F79EFBC}") = "Paths", "Paths\Paths.csproj", "{3F3E61AB-82E4-4184-9D92-260326253F3E}"
EndProject
Project("{FAE04EC0-301F-11D3-BF4B-00C04F79EFBC}") = "HTML Dispatcher", "HTML Dispatcher\HTML Dispatcher.csproj", "{45F5D2D7-6C59-4D11-9DFA-BB113755A521}"
EndProject
Project("{FAE04EC0-301F-11D3-BF4B-00C04F79EFBC}") = "Namespaces", "Namespaces\Namespaces.csproj", "{4BDBB7C3-71B3-4E76-BE16-28E93E754BEA}"
EndProject
Project("{FAE04EC0-301F-11D3-BF4B-00C04F79EFBC}") = "BitArray", "BitArray\BitArray.csproj", "{CC939D25-7D9C-483C-8F52-454020739269}"
EndProject
Global
	GlobalSection(SolutionConfigurationPlatforms) = preSolution
		Debug|Any CPU = Debug|Any CPU
		Release|Any CPU = Release|Any CPU
	EndGlobalSection
	GlobalSection(ProjectConfigurationPlatforms) = postSolution
		{46CCA0A3-C5C5-48B7-8FE3-466199DB0265}.Debug|Any CPU.ActiveCfg = Debug|Any CPU
		{46CCA0A3-C5C5-48B7-8FE3-466199DB0265}.Debug|Any CPU.Build.0 = Debug|Any CPU
		{46CCA0A3-C5C5-48B7-8FE3-466199DB0265}.Release|Any CPU.ActiveCfg = Release|Any CPU
		{46CCA0A3-C5C5-48B7-8FE3-466199DB0265}.Release|Any CPU.Build.0 = Release|Any CPU
		{218F5929-E3CF-4829-AD1A-4F78BDF516A3}.Debug|Any CPU.ActiveCfg = Debug|Any CPU
		{218F5929-E3CF-4829-AD1A-4F78BDF516A3}.Debug|Any CPU.Build.0 = Debug|Any CPU
		{218F5929-E3CF-4829-AD1A-4F78BDF516A3}.Release|Any CPU.ActiveCfg = Release|Any CPU
		{218F5929-E3CF-4829-AD1A-4F78BDF516A3}.Release|Any CPU.Build.0 = Release|Any CPU
		{3F3E61AB-82E4-4184-9D92-260326253F3E}.Debug|Any CPU.ActiveCfg = Debug|Any CPU
		{3F3E61AB-82E4-4184-9D92-260326253F3E}.Debug|Any CPU.Build.0 = Debug|Any CPU
		{3F3E61AB-82E4-4184-9D92-260326253F3E}.Release|Any CPU.ActiveCfg = Release|Any CPU
		{3F3E61AB-82E4-4184-9D92-260326253F3E}.Release|Any CPU.Build.0 = Release|Any CPU
		{45F5D2D7-6C59-4D11-9DFA-BB113755A521}.Debug|Any CPU.ActiveCfg = Debug|Any CPU
		{45F5D2D7-6C59-4D11-9DFA-BB113755A521}.Debug|Any CPU.Build.0 = Debug|Any CPU
		{45F5D2D7-6C59-4D11-9DFA-BB113755A521}.Release|Any CPU.ActiveCfg = Release|Any CPU
		{45F5D2D7-6C59-4D11-9DFA-BB113755A521}.Release|Any CPU.Build.0 = Release|Any CPU
		{4BDBB7C3-71B3-4E76-BE16-28E93E754BEA}.Debug|Any CPU.ActiveCfg = Debug|Any CPU
		{4BDBB7C3-71B3-4E76-BE16-28E93E754BEA}.Debug|Any CPU.Build.0 = Debug|Any CPU
		{4BDBB7C3-71B3-4E76-BE16-28E93E754BEA}.Release|Any CPU.ActiveCfg = Release|Any CPU
		{4BDBB7C3-71B3-4E76-BE16-28E93E754BEA}.Release|Any CPU.Build.0 = Release|Any CPU
		{CC939D25-7D9C-483C-8F52-454020739269}.Debug|Any CPU.ActiveCfg = Debug|Any CPU
		{CC939D25-7D9C-483C-8F52-454020739269}.Debug|Any CPU.Build.0 = Debug|Any CPU
		{CC939D25-7D9C-483C-8F52-454020739269}.Release|Any CPU.ActiveCfg = Release|Any CPU
		{CC939D25-7D9C-483C-8F52-454020739269}.Release|Any CPU.Build.0 = Release|Any CPU
	EndGlobalSection
	GlobalSection(SolutionProperties) = preSolution
		HideSolutionNode = FALSE
	EndGlobalSection
EndGlobal
